
Microsoft Visual Studio Solution File, Format Version 12.00
# Visual Studio Version 17
VisualStudioVersion = 17.0.31612.314
MinimumVisualStudioVersion = 10.0.40219.1
Project("{9A19103F-16F7-4668-BE54-9A1E7A4F7556}") = "JulianAugusto.com", "WebPage\JulianAugusto.com.csproj", "{A5ACCD49-4314-44F3-9D69-5F1B01834460}"
EndProject
Project("{9A19103F-16F7-4668-BE54-9A1E7A4F7556}") = "JulianAugusto.comTests", "Tests\JulianAugusto.comTests.csproj", "{6A305936-A003-42B7-8847-4DEF3364C398}"
EndProject
Project("{9A19103F-16F7-4668-BE54-9A1E7A4F7556}") = "leetCodeSolutions", "leetCodeSolutions\leetCodeSolutions.csproj", "{F846BDAD-461B-448B-B1B0-4BBBF5CC3730}"
EndProject
Project("{2150E333-8FDC-42A3-9474-1A3956D46DE8}") = "Solution Items", "Solution Items", "{DBE07893-8BB8-4381-84E8-B9069A8D9A07}"
	ProjectSection(SolutionItems) = preProject
		CODE_OF_CONDUCT.md = CODE_OF_CONDUCT.md
		CONTRIBUTING.md = CONTRIBUTING.md
		LICENSE = LICENSE
		README.md = README.md
		SECURITY.md = SECURITY.md
	EndProjectSection
EndProject
Project("{9A19103F-16F7-4668-BE54-9A1E7A4F7556}") = "SecretDrawer", "SecretDrawer\SecretDrawer.csproj", "{33934700-4FAE-4AC3-A35D-D841119AF9E1}"
EndProject
Global
	GlobalSection(SolutionConfigurationPlatforms) = preSolution
		Debug|Any CPU = Debug|Any CPU
		Debug|x64 = Debug|x64
		Debug|x86 = Debug|x86
		Release|Any CPU = Release|Any CPU
		Release|x64 = Release|x64
		Release|x86 = Release|x86
	EndGlobalSection
	GlobalSection(ProjectConfigurationPlatforms) = postSolution
		{A5ACCD49-4314-44F3-9D69-5F1B01834460}.Debug|Any CPU.ActiveCfg = Debug|Any CPU
		{A5ACCD49-4314-44F3-9D69-5F1B01834460}.Debug|Any CPU.Build.0 = Debug|Any CPU
		{A5ACCD49-4314-44F3-9D69-5F1B01834460}.Debug|x64.ActiveCfg = Debug|Any CPU
		{A5ACCD49-4314-44F3-9D69-5F1B01834460}.Debug|x64.Build.0 = Debug|Any CPU
		{A5ACCD49-4314-44F3-9D69-5F1B01834460}.Debug|x86.ActiveCfg = Debug|Any CPU
		{A5ACCD49-4314-44F3-9D69-5F1B01834460}.Debug|x86.Build.0 = Debug|Any CPU
		{A5ACCD49-4314-44F3-9D69-5F1B01834460}.Release|Any CPU.ActiveCfg = Release|Any CPU
		{A5ACCD49-4314-44F3-9D69-5F1B01834460}.Release|Any CPU.Build.0 = Release|Any CPU
		{A5ACCD49-4314-44F3-9D69-5F1B01834460}.Release|x64.ActiveCfg = Release|Any CPU
		{A5ACCD49-4314-44F3-9D69-5F1B01834460}.Release|x64.Build.0 = Release|Any CPU
		{A5ACCD49-4314-44F3-9D69-5F1B01834460}.Release|x86.ActiveCfg = Release|Any CPU
		{A5ACCD49-4314-44F3-9D69-5F1B01834460}.Release|x86.Build.0 = Release|Any CPU
		{6A305936-A003-42B7-8847-4DEF3364C398}.Debug|Any CPU.ActiveCfg = Debug|Any CPU
		{6A305936-A003-42B7-8847-4DEF3364C398}.Debug|Any CPU.Build.0 = Debug|Any CPU
		{6A305936-A003-42B7-8847-4DEF3364C398}.Debug|x64.ActiveCfg = Debug|Any CPU
		{6A305936-A003-42B7-8847-4DEF3364C398}.Debug|x64.Build.0 = Debug|Any CPU
		{6A305936-A003-42B7-8847-4DEF3364C398}.Debug|x86.ActiveCfg = Debug|Any CPU
		{6A305936-A003-42B7-8847-4DEF3364C398}.Debug|x86.Build.0 = Debug|Any CPU
		{6A305936-A003-42B7-8847-4DEF3364C398}.Release|Any CPU.ActiveCfg = Release|Any CPU
		{6A305936-A003-42B7-8847-4DEF3364C398}.Release|Any CPU.Build.0 = Release|Any CPU
		{6A305936-A003-42B7-8847-4DEF3364C398}.Release|x64.ActiveCfg = Release|Any CPU
		{6A305936-A003-42B7-8847-4DEF3364C398}.Release|x64.Build.0 = Release|Any CPU
		{6A305936-A003-42B7-8847-4DEF3364C398}.Release|x86.ActiveCfg = Release|Any CPU
		{6A305936-A003-42B7-8847-4DEF3364C398}.Release|x86.Build.0 = Release|Any CPU
		{F846BDAD-461B-448B-B1B0-4BBBF5CC3730}.Debug|Any CPU.ActiveCfg = Debug|Any CPU
		{F846BDAD-461B-448B-B1B0-4BBBF5CC3730}.Debug|Any CPU.Build.0 = Debug|Any CPU
		{F846BDAD-461B-448B-B1B0-4BBBF5CC3730}.Debug|x64.ActiveCfg = Debug|Any CPU
		{F846BDAD-461B-448B-B1B0-4BBBF5CC3730}.Debug|x64.Build.0 = Debug|Any CPU
		{F846BDAD-461B-448B-B1B0-4BBBF5CC3730}.Debug|x86.ActiveCfg = Debug|Any CPU
		{F846BDAD-461B-448B-B1B0-4BBBF5CC3730}.Debug|x86.Build.0 = Debug|Any CPU
		{F846BDAD-461B-448B-B1B0-4BBBF5CC3730}.Release|Any CPU.ActiveCfg = Release|Any CPU
		{F846BDAD-461B-448B-B1B0-4BBBF5CC3730}.Release|Any CPU.Build.0 = Release|Any CPU
		{F846BDAD-461B-448B-B1B0-4BBBF5CC3730}.Release|x64.ActiveCfg = Release|Any CPU
		{F846BDAD-461B-448B-B1B0-4BBBF5CC3730}.Release|x64.Build.0 = Release|Any CPU
		{F846BDAD-461B-448B-B1B0-4BBBF5CC3730}.Release|x86.ActiveCfg = Release|Any CPU
		{F846BDAD-461B-448B-B1B0-4BBBF5CC3730}.Release|x86.Build.0 = Release|Any CPU
		{33934700-4FAE-4AC3-A35D-D841119AF9E1}.Debug|Any CPU.ActiveCfg = Debug|Any CPU
		{33934700-4FAE-4AC3-A35D-D841119AF9E1}.Debug|Any CPU.Build.0 = Debug|Any CPU
		{33934700-4FAE-4AC3-A35D-D841119AF9E1}.Debug|x64.ActiveCfg = Debug|Any CPU
		{33934700-4FAE-4AC3-A35D-D841119AF9E1}.Debug|x64.Build.0 = Debug|Any CPU
		{33934700-4FAE-4AC3-A35D-D841119AF9E1}.Debug|x86.ActiveCfg = Debug|Any CPU
		{33934700-4FAE-4AC3-A35D-D841119AF9E1}.Debug|x86.Build.0 = Debug|Any CPU
		{33934700-4FAE-4AC3-A35D-D841119AF9E1}.Release|Any CPU.ActiveCfg = Release|Any CPU
		{33934700-4FAE-4AC3-A35D-D841119AF9E1}.Release|Any CPU.Build.0 = Release|Any CPU
		{33934700-4FAE-4AC3-A35D-D841119AF9E1}.Release|x64.ActiveCfg = Release|Any CPU
		{33934700-4FAE-4AC3-A35D-D841119AF9E1}.Release|x64.Build.0 = Release|Any CPU
		{33934700-4FAE-4AC3-A35D-D841119AF9E1}.Release|x86.ActiveCfg = Release|Any CPU
		{33934700-4FAE-4AC3-A35D-D841119AF9E1}.Release|x86.Build.0 = Release|Any CPU
	EndGlobalSection
	GlobalSection(SolutionProperties) = preSolution
		HideSolutionNode = FALSE
	EndGlobalSection
	GlobalSection(ExtensibilityGlobals) = postSolution
		SolutionGuid = {58044A62-9C06-41AB-9CF9-4D158FFDA9DB}
	EndGlobalSection
EndGlobal
