
Microsoft Visual Studio Solution File, Format Version 12.00
# Visual Studio Version 17
VisualStudioVersion = 17.0.31612.314
MinimumVisualStudioVersion = 10.0.40219.1
Project("{9A19103F-16F7-4668-BE54-9A1E7A4F7556}") = "Personal", "WebPage\Personal.csproj", "{A5ACCD49-4314-44F3-9D69-5F1B01834460}"
EndProject
Global
	GlobalSection(SolutionConfigurationPlatforms) = preSolution
		Debug|Any CPU = Debug|Any CPU
		Release|Any CPU = Release|Any CPU
	EndGlobalSection
	GlobalSection(ProjectConfigurationPlatforms) = postSolution
		{A5ACCD49-4314-44F3-9D69-5F1B01834460}.Debug|Any CPU.ActiveCfg = Debug|Any CPU
		{A5ACCD49-4314-44F3-9D69-5F1B01834460}.Debug|Any CPU.Build.0 = Debug|Any CPU
		{A5ACCD49-4314-44F3-9D69-5F1B01834460}.Release|Any CPU.ActiveCfg = Release|Any CPU
		{A5ACCD49-4314-44F3-9D69-5F1B01834460}.Release|Any CPU.Build.0 = Release|Any CPU
	EndGlobalSection
	GlobalSection(SolutionProperties) = preSolution
		HideSolutionNode = FALSE
	EndGlobalSection
	GlobalSection(ExtensibilityGlobals) = postSolution
		SolutionGuid = {58044A62-9C06-41AB-9CF9-4D158FFDA9DB}
	EndGlobalSection
EndGlobal
